
Microsoft Visual Studio Solution File, Format Version 12.00
# Visual Studio Version 16
VisualStudioVersion = 16.0.31515.178
MinimumVisualStudioVersion = 10.0.40219.1
Project("{FAE04EC0-301F-11D3-BF4B-00C04F79EFBC}") = "TestCaseManager", "TestCaseManager\TestCaseManager.csproj", "{38D5FAA6-C6AB-41B9-B5B3-8A1520C69C1B}"
EndProject
Global
	GlobalSection(SolutionConfigurationPlatforms) = preSolution
		Debug|Any CPU = Debug|Any CPU
		Release|Any CPU = Release|Any CPU
	EndGlobalSection
	GlobalSection(ProjectConfigurationPlatforms) = postSolution
		{38D5FAA6-C6AB-41B9-B5B3-8A1520C69C1B}.Debug|Any CPU.ActiveCfg = Debug|Any CPU
		{38D5FAA6-C6AB-41B9-B5B3-8A1520C69C1B}.Debug|Any CPU.Build.0 = Debug|Any CPU
		{38D5FAA6-C6AB-41B9-B5B3-8A1520C69C1B}.Release|Any CPU.ActiveCfg = Release|Any CPU
		{38D5FAA6-C6AB-41B9-B5B3-8A1520C69C1B}.Release|Any CPU.Build.0 = Release|Any CPU
	EndGlobalSection
	GlobalSection(SolutionProperties) = preSolution
		HideSolutionNode = FALSE
	EndGlobalSection
	GlobalSection(ExtensibilityGlobals) = postSolution
		SolutionGuid = {EA1705C1-947C-459A-8732-EA2F72B7576F}
	EndGlobalSection
EndGlobal
